PODS:
  - IGListKit (3.4.0):
    - IGListKit/Default (= 3.4.0)
  - IGListKit/Default (3.4.0):
    - IGListKit/Diffing
  - IGListKit/Diffing (3.4.0)

DEPENDENCIES:
  - IGListKit (from `https://github.com/Instagram/IGListKit.git`, branch `master`)

EXTERNAL SOURCES:
  IGListKit:
    :branch: master
    :git: https://github.com/Instagram/IGListKit.git

CHECKOUT OPTIONS:
  IGListKit:
    :commit: cce5a462bb8e4e3cf5b4d0aeebfedb318e52cf09
    :git: https://github.com/Instagram/IGListKit.git

SPEC CHECKSUMS:
  IGListKit: 7a5d788e9fb746bcd402baa8e8b24bc3bd2a5a07

PODFILE CHECKSUM: 639ede2e3c835232264f72146840d6924fe954d8

COCOAPODS: 1.4.0
